
Microsoft Visual Studio Solution File, Format Version 12.00
# Visual Studio Version 17
VisualStudioVersion = 17.4.33213.308
MinimumVisualStudioVersion = 10.0.40219.1
Project("{FAE04EC0-301F-11D3-BF4B-00C04F79EFBC}") = "NDDD.WinForm", "NDDD.WinForm\NDDD.WinForm.csproj", "{1C41CA8D-7B6E-477F-B66A-F3B82285DB1E}"
EndProject
Project("{FAE04EC0-301F-11D3-BF4B-00C04F79EFBC}") = "NDDD.Domain", "NDDD.Domain\NDDD.Domain.csproj", "{6ACCFA3E-5AF4-4AC8-A23C-B55EA6948491}"
EndProject
Project("{FAE04EC0-301F-11D3-BF4B-00C04F79EFBC}") = "NDDD.Infrastructure", "NDDD.Infrastructure\NDDD.Infrastructure.csproj", "{488697C6-7D2C-4988-9794-0304D8D9D140}"
EndProject
Project("{FAE04EC0-301F-11D3-BF4B-00C04F79EFBC}") = "NDDDTest.Tests", "NDDDTest.Tests\NDDDTest.Tests.csproj", "{3B104116-F98A-476E-9E13-654B9E5C228B}"
EndProject
Global
	GlobalSection(SolutionConfigurationPlatforms) = preSolution
		Debug|Any CPU = Debug|Any CPU
		Release|Any CPU = Release|Any CPU
	EndGlobalSection
	GlobalSection(ProjectConfigurationPlatforms) = postSolution
		{1C41CA8D-7B6E-477F-B66A-F3B82285DB1E}.Debug|Any CPU.ActiveCfg = Debug|Any CPU
		{1C41CA8D-7B6E-477F-B66A-F3B82285DB1E}.Debug|Any CPU.Build.0 = Debug|Any CPU
		{1C41CA8D-7B6E-477F-B66A-F3B82285DB1E}.Release|Any CPU.ActiveCfg = Release|Any CPU
		{1C41CA8D-7B6E-477F-B66A-F3B82285DB1E}.Release|Any CPU.Build.0 = Release|Any CPU
		{6ACCFA3E-5AF4-4AC8-A23C-B55EA6948491}.Debug|Any CPU.ActiveCfg = Debug|Any CPU
		{6ACCFA3E-5AF4-4AC8-A23C-B55EA6948491}.Debug|Any CPU.Build.0 = Debug|Any CPU
		{6ACCFA3E-5AF4-4AC8-A23C-B55EA6948491}.Release|Any CPU.ActiveCfg = Release|Any CPU
		{6ACCFA3E-5AF4-4AC8-A23C-B55EA6948491}.Release|Any CPU.Build.0 = Release|Any CPU
		{488697C6-7D2C-4988-9794-0304D8D9D140}.Debug|Any CPU.ActiveCfg = Debug|Any CPU
		{488697C6-7D2C-4988-9794-0304D8D9D140}.Debug|Any CPU.Build.0 = Debug|Any CPU
		{488697C6-7D2C-4988-9794-0304D8D9D140}.Release|Any CPU.ActiveCfg = Release|Any CPU
		{488697C6-7D2C-4988-9794-0304D8D9D140}.Release|Any CPU.Build.0 = Release|Any CPU
		{3B104116-F98A-476E-9E13-654B9E5C228B}.Debug|Any CPU.ActiveCfg = Debug|Any CPU
		{3B104116-F98A-476E-9E13-654B9E5C228B}.Debug|Any CPU.Build.0 = Debug|Any CPU
		{3B104116-F98A-476E-9E13-654B9E5C228B}.Release|Any CPU.ActiveCfg = Release|Any CPU
		{3B104116-F98A-476E-9E13-654B9E5C228B}.Release|Any CPU.Build.0 = Release|Any CPU
	EndGlobalSection
	GlobalSection(SolutionProperties) = preSolution
		HideSolutionNode = FALSE
	EndGlobalSection
	GlobalSection(ExtensibilityGlobals) = postSolution
		SolutionGuid = {2CBE688B-F41A-4EE9-906B-91644D54B019}
	EndGlobalSection
EndGlobal
